{
  "version": 4,
  "terraform_version": "1.5.0",
  "serial": 15,
  "lineage": "144fd233-e540-3ef6-e84b-f3c2831fd02d",
  "outputs": {},
  "resources": [
    {
      "mode": "managed",
      "type": "google_compute_disk",
      "name": "my_disk",
      "provider": "provider[\"registry.terraform.io/hashicorp/google\"]",
      "instances": [
        {
          "schema_version": 0,
          "attributes": {
            "creation_timestamp": "2023-06-15T17:40:31.894-07:00",
            "description": "",
            "disk_encryption_key": [],
            "id": "projects/csci-5409-cloud-389821/zones/us-central1-c/disks/my-disk",
            "image": "",
            "label_fingerprint": "42WmSpB8rSM=",
            "labels": {},
            "last_attach_timestamp": "",
            "last_detach_timestamp": "",
            "name": "my-disk",
            "physical_block_size_bytes": 4096,
            "project": "csci-5409-cloud-389821",
            "provisioned_iops": 0,
            "self_link": "https://www.googleapis.com/compute/v1/projects/csci-5409-cloud-389821/zones/us-central1-c/disks/my-disk",
            "size": 1,
            "snapshot": "",
            "source_image_encryption_key": [],
            "source_image_id": "",
            "source_snapshot_encryption_key": [],
            "source_snapshot_id": "",
            "timeouts": null,
            "type": "pd-standard",
            "users": [],
            "zone": "us-central1-c"
          },
          "sensitive_attributes": [],
          "private": "eyJlMmJmYjczMC1lY2FhLTExZTYtOGY4OC0zNDM2M2JjN2M0YzAiOnsiY3JlYXRlIjozMDAwMDAwMDAwMDAsImRlbGV0ZSI6MjQwMDAwMDAwMDAwLCJ1cGRhdGUiOjI0MDAwMDAwMDAwMH19"
        }
      ]
    },
    {
      "mode": "managed",
      "type": "google_container_cluster",
      "name": "my_cluster",
      "provider": "provider[\"registry.terraform.io/hashicorp/google\"]",
      "instances": [
        {
          "schema_version": 1,
          "attributes": {
            "addons_config": [
              {
                "cloudrun_config": [],
                "horizontal_pod_autoscaling": [],
                "http_load_balancing": [],
                "network_policy_config": [
                  {
                    "disabled": true
                  }
                ]
              }
            ],
            "authenticator_groups_config": [],
            "cluster_autoscaling": [
              {
                "auto_provisioning_defaults": [],
                "enabled": false,
                "resource_limits": []
              }
            ],
            "cluster_ipv4_cidr": "10.76.0.0/14",
            "confidential_nodes": [],
            "database_encryption": [
              {
                "key_name": "",
                "state": "DECRYPTED"
              }
            ],
            "datapath_provider": "",
            "default_max_pods_per_node": null,
            "default_snat_status": [
              {
                "disabled": false
              }
            ],
            "description": "",
            "enable_autopilot": false,
            "enable_binary_authorization": false,
            "enable_intranode_visibility": false,
            "enable_kubernetes_alpha": false,
            "enable_legacy_abac": false,
            "enable_shielded_nodes": true,
            "enable_tpu": false,
            "endpoint": "34.69.238.91",
            "id": "projects/csci-5409-cloud-389821/locations/us-central1-c/clusters/my-cluster",
            "initial_node_count": 1,
            "ip_allocation_policy": [],
            "label_fingerprint": "a9dc16a7",
            "location": "us-central1-c",
            "logging_config": [
              {
                "enable_components": [
                  "SYSTEM_COMPONENTS",
                  "WORKLOADS"
                ]
              }
            ],
            "logging_service": "logging.googleapis.com/kubernetes",
            "maintenance_policy": [],
            "master_auth": [
              {
                "client_certificate": "",
                "client_certificate_config": [
                  {
                    "issue_client_certificate": false
                  }
                ],
                "client_key": "",
                "cluster_ca_certificate": "LS0tLS1CRUdJTiBDRVJUSUZJQ0FURS0tLS0tCk1JSUVMRENDQXBTZ0F3SUJBZ0lRVTU1WGNycUorckp5cTFxSVNReVdVVEFOQmdrcWhraUc5dzBCQVFzRkFEQXYKTVMwd0t3WURWUVFERXlRMU16RTNNMlpqTlMwMU5XVmlMVFJqT1dVdFlqYzNZUzAyTmpFMk5qaGhaVEprT1RVdwpJQmNOTWpNd05qRTJNakV4TURJd1doZ1BNakExTXpBMk1EZ3lNakV3TWpCYU1DOHhMVEFyQmdOVkJBTVRKRFV6Ck1UY3pabU0xTFRVMVpXSXROR001WlMxaU56ZGhMVFkyTVRZMk9HRmxNbVE1TlRDQ0FhSXdEUVlKS29aSWh2Y04KQVFFQkJRQURnZ0dQQURDQ0FZb0NnZ0dCQUwxc2d1T3QvWTFTNnBmWVB0Vi9DVUxSMWcvYXgwMGNTQ3BwSnFLcAo3Z2VhZXpCQkdkWkQreHhLOEsxcVdDWUFpeiswc1BLdXYzd1kyTXczMnpKSUJGWGthSjlZR2ZNa21BZ3VDMVdLCjVCNXB6ZGxnZ0diNnRpcmx4cytnTXNJeFM5MDhvMVpNU3ZiR2k5d1VSM2R1U01xdXdtb203WTFKazdoTXlUYmEKNlZ6NVdIRVI0aG42QWlNeDVtRnNPTzNoWklBcGFSMXl0NW52VWt1YUJNTm0zVVF6Q1dZT1FWVUJxdGRZeURRaQp4YzhUZ1JsQkxvb3ZBNFk2UWxxLzdldUpIVmQ2Q2pObkdMSW5sb1dwd3dpVTJ4b3RzclpwME5aMmU0UE1RNWtaCm55eWwxc3JuNCtNdWFwOUdtbFI1NDNXcHo5YXFpQkVoTWhlcDdDTmpPU0V4RWpHK25vOVFzRlZRTXhIK1N6Y04KK00zanRUZllyWXV6QXViYUFUUGxubDJQdWYrRnYwRlE2T0JpRnRWakgwT3ZkSHBQWExhUmlSSG5GeHhUV1BmbApoOTNNQXp3MGoxS3BhbHNGN0YyQmxnWTBBc21WZUx2aDl3OXpoOFBQVXgzL25ESlMvNlVNV0R3Qm0vTGo0ejNBCnJxNkZFMi9Ic21FSWlCWGY5RGYyR2Foc2hRSURBUUFCbzBJd1FEQU9CZ05WSFE4QkFmOEVCQU1DQWdRd0R3WUQKVlIwVEFRSC9CQVV3QXdFQi96QWRCZ05WSFE0RUZnUVVhYXB2eGJJL0tubnMvcThObkJrYkV4QTNVQUF3RFFZSgpLb1pJaHZjTkFRRUxCUUFEZ2dHQkFHR3VtM1JkV0hjRTIyaU5ISVk1aWowYW82RFB1MFlpVjc5K0pJMDZqMk5XCkdsTnpxVHRtZEtJaW1PaVE5YVVLZXEwN01CYWFWVXlFY1VLTWhBbFg2YTFLajc0Mmo2Zm1pMzQ5Qko5QmcyVlIKQ2MvelczdFdZT3J2bGdwTzg1cEJveXBuMTRJY2ZRd0UyWmZ4a21hMGEydm1XZFRuOGNOTmVxc0ZHVldzTC9EaQpyMFJXbFJXa2taL3dqK0dHVFJBeEVpYkNKSG1LZEkwT0RZaFVIZE9MY0N0QVpNRlp6K3ExZlhmdFFkdlVVWElDCkR2NFI3R2orYmFEa3BzblBuN3JSWno4R2hpYlBsZW1zWGFqd2lLZ3J3WUpGSERnNVNBRWFnWVo2NEI4YXY0WGMKVHVLMm1PNVlRVmRyMUhZWE13MWdVUWJyM2J2OE4rbjdySENyTmQ1RjhpN3pMOVZmeWN4R2h2NGVZbHphRFdNegpEVmNmU2JMUVN3d0RKb1JUWDN0K0h3dGtTYjBVOFdGUnFIbkpjZG1sOTczdTRtUnlhMXlsRTZUakRGeXFIaWxSCm5qMG5IdGczWFVLcTR0RS9MSXBWc2kwbXdkS2RuVGdCRW1QV1pqVTJHVjZycUo4Z1NDK2dwTTlBU2hpbTZub3MKZnEvWE85YlBVL3pIUW5pSXpwQzF3QT09Ci0tLS0tRU5EIENFUlRJRklDQVRFLS0tLS0K"
              }
            ],
            "master_authorized_networks_config": [],
            "master_version": "1.25.8-gke.1000",
            "min_master_version": null,
            "monitoring_config": [
              {
                "enable_components": [
                  "SYSTEM_COMPONENTS"
                ]
              }
            ],
            "monitoring_service": "monitoring.googleapis.com/kubernetes",
            "name": "my-cluster",
            "network": "projects/csci-5409-cloud-389821/global/networks/default",
            "network_policy": [
              {
                "enabled": false,
                "provider": "PROVIDER_UNSPECIFIED"
              }
            ],
            "networking_mode": "ROUTES",
            "node_config": [
              {
                "boot_disk_kms_key": "",
                "disk_size_gb": 100,
                "disk_type": "pd-balanced",
                "gcfs_config": [],
                "guest_accelerator": [],
                "image_type": "COS_CONTAINERD",
                "labels": {},
                "local_ssd_count": 0,
                "machine_type": "e2-medium",
                "metadata": {
                  "disable-legacy-endpoints": "true"
                },
                "min_cpu_platform": "",
                "node_group": "",
                "oauth_scopes": [
                  "https://www.googleapis.com/auth/devstorage.read_only",
                  "https://www.googleapis.com/auth/logging.write",
                  "https://www.googleapis.com/auth/monitoring",
                  "https://www.googleapis.com/auth/service.management.readonly",
                  "https://www.googleapis.com/auth/servicecontrol",
                  "https://www.googleapis.com/auth/trace.append"
                ],
                "preemptible": false,
                "service_account": "default",
                "shielded_instance_config": [
                  {
                    "enable_integrity_monitoring": true,
                    "enable_secure_boot": false
                  }
                ],
                "tags": null,
                "taint": [],
                "workload_metadata_config": []
              }
            ],
            "node_locations": [],
            "node_pool": [
              {
                "autoscaling": [],
                "initial_node_count": 1,
                "instance_group_urls": [
                  "https://www.googleapis.com/compute/v1/projects/csci-5409-cloud-389821/zones/us-central1-c/instanceGroupManagers/gke-my-cluster-default-pool-64603280-grp"
                ],
                "managed_instance_group_urls": [
                  "https://www.googleapis.com/compute/v1/projects/csci-5409-cloud-389821/zones/us-central1-c/instanceGroups/gke-my-cluster-default-pool-64603280-grp"
                ],
                "management": [
                  {
                    "auto_repair": true,
                    "auto_upgrade": true
                  }
                ],
                "max_pods_per_node": 0,
                "name": "default-pool",
                "name_prefix": "",
                "node_config": [
                  {
                    "boot_disk_kms_key": "",
                    "disk_size_gb": 100,
                    "disk_type": "pd-balanced",
                    "gcfs_config": [],
                    "guest_accelerator": [],
                    "image_type": "COS_CONTAINERD",
                    "labels": {},
                    "local_ssd_count": 0,
                    "machine_type": "e2-medium",
                    "metadata": {
                      "disable-legacy-endpoints": "true"
                    },
                    "min_cpu_platform": "",
                    "node_group": "",
                    "oauth_scopes": [
                      "https://www.googleapis.com/auth/devstorage.read_only",
                      "https://www.googleapis.com/auth/logging.write",
                      "https://www.googleapis.com/auth/monitoring",
                      "https://www.googleapis.com/auth/service.management.readonly",
                      "https://www.googleapis.com/auth/servicecontrol",
                      "https://www.googleapis.com/auth/trace.append"
                    ],
                    "preemptible": false,
                    "service_account": "default",
                    "shielded_instance_config": [
                      {
                        "enable_integrity_monitoring": true,
                        "enable_secure_boot": false
                      }
                    ],
                    "tags": [],
                    "taint": [],
                    "workload_metadata_config": []
                  }
                ],
                "node_count": 1,
                "node_locations": [
                  "us-central1-c"
                ],
                "upgrade_settings": [
                  {
                    "max_surge": 1,
                    "max_unavailable": 0
                  }
                ],
                "version": "1.25.8-gke.1000"
              }
            ],
            "node_version": "1.25.8-gke.1000",
            "operation": null,
            "private_cluster_config": [
              {
                "enable_private_endpoint": false,
                "enable_private_nodes": false,
                "master_global_access_config": [
                  {
                    "enabled": false
                  }
                ],
                "master_ipv4_cidr_block": "",
                "peering_name": "",
                "private_endpoint": "10.128.0.8",
                "public_endpoint": "34.69.238.91"
              }
            ],
            "private_ipv6_google_access": "",
            "project": "csci-5409-cloud-389821",
            "release_channel": [
              {
                "channel": "REGULAR"
              }
            ],
            "remove_default_node_pool": null,
            "resource_labels": null,
            "resource_usage_export_config": [],
            "self_link": "https://container.googleapis.com/v1/projects/csci-5409-cloud-389821/zones/us-central1-c/clusters/my-cluster",
            "services_ipv4_cidr": "10.79.240.0/20",
            "subnetwork": "projects/csci-5409-cloud-389821/regions/us-central1/subnetworks/default",
            "timeouts": null,
            "tpu_ipv4_cidr_block": "",
            "vertical_pod_autoscaling": [],
            "workload_identity_config": []
          },
          "sensitive_attributes": [],
          "private": "eyJlMmJmYjczMC1lY2FhLTExZTYtOGY4OC0zNDM2M2JjN2M0YzAiOnsiY3JlYXRlIjoyNDAwMDAwMDAwMDAwLCJkZWxldGUiOjI0MDAwMDAwMDAwMDAsInJlYWQiOjI0MDAwMDAwMDAwMDAsInVwZGF0ZSI6MzYwMDAwMDAwMDAwMH0sInNjaGVtYV92ZXJzaW9uIjoiMSJ9"
        }
      ]
    }
  ],
  "check_results": null
}
