{
  "version": 4,
  "terraform_version": "1.5.0",
  "serial": 13,
  "lineage": "144fd233-e540-3ef6-e84b-f3c2831fd02d",
  "outputs": {},
  "resources": [
    {
      "mode": "managed",
      "type": "google_compute_disk",
      "name": "my_disk",
      "provider": "provider[\"registry.terraform.io/hashicorp/google\"]",
      "instances": [
        {
          "schema_version": 0,
          "attributes": {
            "creation_timestamp": "2023-06-15T17:40:31.894-07:00",
            "description": "",
            "disk_encryption_key": [],
            "id": "projects/csci-5409-cloud-389821/zones/us-central1-c/disks/my-disk",
            "image": "",
            "label_fingerprint": "42WmSpB8rSM=",
            "labels": {},
            "last_attach_timestamp": "",
            "last_detach_timestamp": "",
            "name": "my-disk",
            "physical_block_size_bytes": 4096,
            "project": "csci-5409-cloud-389821",
            "provisioned_iops": 0,
            "self_link": "https://www.googleapis.com/compute/v1/projects/csci-5409-cloud-389821/zones/us-central1-c/disks/my-disk",
            "size": 1,
            "snapshot": "",
            "source_image_encryption_key": [],
            "source_image_id": "",
            "source_snapshot_encryption_key": [],
            "source_snapshot_id": "",
            "timeouts": null,
            "type": "pd-standard",
            "users": [],
            "zone": "us-central1-c"
          },
          "sensitive_attributes": [],
          "private": "eyJlMmJmYjczMC1lY2FhLTExZTYtOGY4OC0zNDM2M2JjN2M0YzAiOnsiY3JlYXRlIjozMDAwMDAwMDAwMDAsImRlbGV0ZSI6MjQwMDAwMDAwMDAwLCJ1cGRhdGUiOjI0MDAwMDAwMDAwMH19"
        }
      ]
    },
    {
      "mode": "managed",
      "type": "google_container_cluster",
      "name": "my_cluster",
      "provider": "provider[\"registry.terraform.io/hashicorp/google\"]",
      "instances": [
        {
          "schema_version": 1,
          "attributes": {
            "addons_config": [
              {
                "cloudrun_config": [],
                "horizontal_pod_autoscaling": [],
                "http_load_balancing": [],
                "network_policy_config": [
                  {
                    "disabled": true
                  }
                ]
              }
            ],
            "authenticator_groups_config": [],
            "cluster_autoscaling": [
              {
                "auto_provisioning_defaults": [],
                "enabled": false,
                "resource_limits": []
              }
            ],
            "cluster_ipv4_cidr": "10.76.0.0/14",
            "confidential_nodes": [],
            "database_encryption": [
              {
                "key_name": "",
                "state": "DECRYPTED"
              }
            ],
            "datapath_provider": "",
            "default_max_pods_per_node": null,
            "default_snat_status": [
              {
                "disabled": false
              }
            ],
            "description": "",
            "enable_autopilot": false,
            "enable_binary_authorization": false,
            "enable_intranode_visibility": false,
            "enable_kubernetes_alpha": false,
            "enable_legacy_abac": false,
            "enable_shielded_nodes": true,
            "enable_tpu": false,
            "endpoint": "34.134.92.160",
            "id": "projects/csci-5409-cloud-389821/locations/us-central1-c/clusters/my-cluster",
            "initial_node_count": 1,
            "ip_allocation_policy": [],
            "label_fingerprint": "a9dc16a7",
            "location": "us-central1-c",
            "logging_config": [
              {
                "enable_components": [
                  "SYSTEM_COMPONENTS",
                  "WORKLOADS"
                ]
              }
            ],
            "logging_service": "logging.googleapis.com/kubernetes",
            "maintenance_policy": [],
            "master_auth": [
              {
                "client_certificate": "",
                "client_certificate_config": [
                  {
                    "issue_client_certificate": false
                  }
                ],
                "client_key": "",
                "cluster_ca_certificate": "LS0tLS1CRUdJTiBDRVJUSUZJQ0FURS0tLS0tCk1JSUVMRENDQXBTZ0F3SUJBZ0lRZTYyVmc0T09LVWRCaS9xUmxnWndXekFOQmdrcWhraUc5dzBCQVFzRkFEQXYKTVMwd0t3WURWUVFERXlReE1UUmxaV0ppWmkxaFpXTTBMVFEyTmpjdFlXRmpNUzFpTnpSaE4ySTNaRE13TURBdwpJQmNOTWpNd05qRTJNVFV3TWpNMVdoZ1BNakExTXpBMk1EZ3hOakF5TXpWYU1DOHhMVEFyQmdOVkJBTVRKREV4Ck5HVmxZbUptTFdGbFl6UXRORFkyTnkxaFlXTXhMV0kzTkdFM1lqZGtNekF3TURDQ0FhSXdEUVlKS29aSWh2Y04KQVFFQkJRQURnZ0dQQURDQ0FZb0NnZ0dCQVBFS3J1OXhqc3dZeTBLVzFCN2l3RzQrMDl2YnpicUE4eWdlUHlXegpZcTVLMFZGTytMZEdSZEpqV0h0eWJnR2tjbi9jaVpRQW8vNURvY011V1JjclgzYTFJM3h4QlNNMGNmQ2hNSWg3CndmQmhLL1RUVU4xakk5VUp3d3V4VlNQQnZKYzIzdjJUY2gwQ2psalo4ZTZyU29GMnBuQnEwb3ZNQWxZTCtGaVgKT3o5Q0o2RGtxenlDYnQ0ZlRUSVRtUExuYjdYQ1J2RkQrZ3ExbmZuSm1zOHduZ0RhL3Fkbk4xeE5TcTJ5UUh1UQo4UlhCSUx3K3hRdlR4VXJzVGo4ZXdPVnlYUzdWM0ZjdGVOU1AyVkIyaS9URERadDk3L3Avb0UyNFVQRFNNMmppCktNZ2V3ZXI3NnAwSWlyS21lVUZ0aTdwT3FCVUdXc0VtYnZCSUpUK2tnd1E3N0kzdWgveEtUZWtFZU9oZm1nZDQKSWNPTHdSWTI5WFZFZjA0Q0QwVTRLNmxYTDRhSGtUUFhtdzF4bHN2MUtJeHQySTU4bTc1cHNxVXZTZHFoMWZGNQpkb0JndVV0TzhvSW9xL1VvQmRCaTB3V0p1eHkzRlFGSWl6blVEcnEvV3lUb2VTeWlraVpmV0ZIN3pZWXYvZ2pFCnc5WXNHTU5Xb2dudXpaMTFXMERwd1Qwb2t3SURBUUFCbzBJd1FEQU9CZ05WSFE4QkFmOEVCQU1DQWdRd0R3WUQKVlIwVEFRSC9CQVV3QXdFQi96QWRCZ05WSFE0RUZnUVVUK1daSkRsWkJMN0xrSCtWbWNPWUFGSUhIc3d3RFFZSgpLb1pJaHZjTkFRRUxCUUFEZ2dHQkFNdG5aSXVpRzNwbkRtc05mdXM0R1JHSW1uczk3NUNLOURnV1dpQ2YyUkgxCm5iVk9aWGJBMUVVQW9mQUNnQjlocjdxbmNpOFF6eUl5QzYzN1IyQms5S01CSzRDQ0Jvb2tvK3NldEtwWEUxNDQKQXUwMFBpVjZXSW5sME1FenQzMFdoRkVuWGZKUkZlK2o2bmZOeFA2NldJb1BJMlI3dUlMWC9OdzJBWFpFT0N3YQpZOHp5NWhkbzR4cjJsWUNiRHJYRVF0RjI3U0l0NmFnaWNyZDRxRWJselNGYzRPM3ZLT1RHOWR3ZXhxTEhRcHhkClhWOEhVYU1HcWVPMkUzRWFPUVk3Tkxzci9sUjBzU2doSkJXY1k3WU1xWTZWOE5sUXoxQU5xTzZkRit5bVJWN2sKNWhtaCsxMDcycXhjMFpqTWd4WDBLZlI3ZjhhNENpVnFpdFpKSVpadnc2ZHM2ZU15M0R3V0o0ZXZQalJUNGRQNQovaGRENnF3Y1NvVDd5dXczTGxCaFlxSDErcDNPZ3NJUlpNM0hJZWY1ZXhJQlF5YTJnL1ZoU0VuamJMZVBOcEhPCnQwaHNMT054cDF0V2xka3Y3bVVoamxDaC9Wb1lWU0IvVi94NmUybXBwdEtYNXRLZnc0OWZiREFGNjNobW85YXIKMFZhWjRUbHVCZ1pKZ2hUZnl4bmNEdz09Ci0tLS0tRU5EIENFUlRJRklDQVRFLS0tLS0K"
              }
            ],
            "master_authorized_networks_config": [],
            "master_version": "1.25.8-gke.500",
            "min_master_version": null,
            "monitoring_config": [
              {
                "enable_components": [
                  "SYSTEM_COMPONENTS"
                ]
              }
            ],
            "monitoring_service": "monitoring.googleapis.com/kubernetes",
            "name": "my-cluster",
            "network": "projects/csci-5409-cloud-389821/global/networks/default",
            "network_policy": [
              {
                "enabled": false,
                "provider": "PROVIDER_UNSPECIFIED"
              }
            ],
            "networking_mode": "ROUTES",
            "node_config": [
              {
                "boot_disk_kms_key": "",
                "disk_size_gb": 100,
                "disk_type": "pd-balanced",
                "gcfs_config": [],
                "guest_accelerator": [],
                "image_type": "COS_CONTAINERD",
                "labels": {},
                "local_ssd_count": 0,
                "machine_type": "e2-medium",
                "metadata": {
                  "disable-legacy-endpoints": "true"
                },
                "min_cpu_platform": "",
                "node_group": "",
                "oauth_scopes": [
                  "https://www.googleapis.com/auth/devstorage.read_only",
                  "https://www.googleapis.com/auth/logging.write",
                  "https://www.googleapis.com/auth/monitoring",
                  "https://www.googleapis.com/auth/service.management.readonly",
                  "https://www.googleapis.com/auth/servicecontrol",
                  "https://www.googleapis.com/auth/trace.append"
                ],
                "preemptible": false,
                "service_account": "default",
                "shielded_instance_config": [
                  {
                    "enable_integrity_monitoring": true,
                    "enable_secure_boot": false
                  }
                ],
                "tags": null,
                "taint": [],
                "workload_metadata_config": []
              }
            ],
            "node_locations": [],
            "node_pool": [
              {
                "autoscaling": [],
                "initial_node_count": 1,
                "instance_group_urls": [
                  "https://www.googleapis.com/compute/v1/projects/csci-5409-cloud-389821/zones/us-central1-c/instanceGroupManagers/gke-my-cluster-default-pool-4f64bd4b-grp"
                ],
                "managed_instance_group_urls": [
                  "https://www.googleapis.com/compute/v1/projects/csci-5409-cloud-389821/zones/us-central1-c/instanceGroups/gke-my-cluster-default-pool-4f64bd4b-grp"
                ],
                "management": [
                  {
                    "auto_repair": true,
                    "auto_upgrade": true
                  }
                ],
                "max_pods_per_node": 0,
                "name": "default-pool",
                "name_prefix": "",
                "node_config": [
                  {
                    "boot_disk_kms_key": "",
                    "disk_size_gb": 100,
                    "disk_type": "pd-balanced",
                    "gcfs_config": [],
                    "guest_accelerator": [],
                    "image_type": "COS_CONTAINERD",
                    "labels": {},
                    "local_ssd_count": 0,
                    "machine_type": "e2-medium",
                    "metadata": {
                      "disable-legacy-endpoints": "true"
                    },
                    "min_cpu_platform": "",
                    "node_group": "",
                    "oauth_scopes": [
                      "https://www.googleapis.com/auth/devstorage.read_only",
                      "https://www.googleapis.com/auth/logging.write",
                      "https://www.googleapis.com/auth/monitoring",
                      "https://www.googleapis.com/auth/service.management.readonly",
                      "https://www.googleapis.com/auth/servicecontrol",
                      "https://www.googleapis.com/auth/trace.append"
                    ],
                    "preemptible": false,
                    "service_account": "default",
                    "shielded_instance_config": [
                      {
                        "enable_integrity_monitoring": true,
                        "enable_secure_boot": false
                      }
                    ],
                    "tags": [],
                    "taint": [],
                    "workload_metadata_config": []
                  }
                ],
                "node_count": 1,
                "node_locations": [
                  "us-central1-c"
                ],
                "upgrade_settings": [
                  {
                    "max_surge": 1,
                    "max_unavailable": 0
                  }
                ],
                "version": "1.25.8-gke.500"
              }
            ],
            "node_version": "1.25.8-gke.500",
            "operation": null,
            "private_cluster_config": [
              {
                "enable_private_endpoint": false,
                "enable_private_nodes": false,
                "master_global_access_config": [
                  {
                    "enabled": false
                  }
                ],
                "master_ipv4_cidr_block": "",
                "peering_name": "",
                "private_endpoint": "10.128.0.6",
                "public_endpoint": "34.134.92.160"
              }
            ],
            "private_ipv6_google_access": "",
            "project": "csci-5409-cloud-389821",
            "release_channel": [
              {
                "channel": "REGULAR"
              }
            ],
            "remove_default_node_pool": null,
            "resource_labels": null,
            "resource_usage_export_config": [],
            "self_link": "https://container.googleapis.com/v1/projects/csci-5409-cloud-389821/zones/us-central1-c/clusters/my-cluster",
            "services_ipv4_cidr": "10.79.240.0/20",
            "subnetwork": "projects/csci-5409-cloud-389821/regions/us-central1/subnetworks/default",
            "timeouts": null,
            "tpu_ipv4_cidr_block": "",
            "vertical_pod_autoscaling": [],
            "workload_identity_config": []
          },
          "sensitive_attributes": [],
          "private": "eyJlMmJmYjczMC1lY2FhLTExZTYtOGY4OC0zNDM2M2JjN2M0YzAiOnsiY3JlYXRlIjoyNDAwMDAwMDAwMDAwLCJkZWxldGUiOjI0MDAwMDAwMDAwMDAsInJlYWQiOjI0MDAwMDAwMDAwMDAsInVwZGF0ZSI6MzYwMDAwMDAwMDAwMH0sInNjaGVtYV92ZXJzaW9uIjoiMSJ9"
        }
      ]
    },
    {
      "mode": "managed",
      "type": "kubernetes_persistent_volume_claim",
      "name": "my_pvc",
      "provider": "provider[\"registry.terraform.io/hashicorp/kubernetes\"]",
      "instances": []
    }
  ],
  "check_results": null
}
